// !$*UTF8*$!
{
	archiveVersion = 1;
	classes = {
	};
	objectVersion = 46;
	objects = {

/* Begin PBXBuildFile section */
		6C4A5D5D1BC225DD002819DB /* Base32.framework in Frameworks */ = {isa = PBXBuildFile; fileRef = 6C4A5D5C1BC225DD002819DB /* Base32.framework */; };
		6C4A5D5E1BC22657002819DB /* NestedFramework.h in Headers */ = {isa = PBXBuildFile; fileRef = 6CEFC73F1BC1F3FF0097A274 /* NestedFramework.h */; settings = {ATTRIBUTES = (Public, ); }; };
		6C4A5D5F1BC2265D002819DB /* NestedFramework.swift in Sources */ = {isa = PBXBuildFile; fileRef = 6CEFC7641BC1F5AC0097A274 /* NestedFramework.swift */; };
		6C4A5D611BC22691002819DB /* Base32.framework in CopyFiles */ = {isa = PBXBuildFile; fileRef = 6C4A5D5C1BC225DD002819DB /* Base32.framework */; settings = {ATTRIBUTES = (CodeSignOnCopy, RemoveHeadersOnCopy, ); }; };
		6C4A5D701BC22775002819DB /* Base32.framework in Frameworks */ = {isa = PBXBuildFile; fileRef = 6C4A5D6F1BC22775002819DB /* Base32.framework */; };
		6C4A5D721BC22788002819DB /* Base32.framework in CopyFiles */ = {isa = PBXBuildFile; fileRef = 6C4A5D6F1BC22775002819DB /* Base32.framework */; settings = {ATTRIBUTES = (CodeSignOnCopy, RemoveHeadersOnCopy, ); }; };
		6C4A5D731BC22796002819DB /* NestedFramework.h in Headers */ = {isa = PBXBuildFile; fileRef = 6CEFC73F1BC1F3FF0097A274 /* NestedFramework.h */; settings = {ATTRIBUTES = (Public, ); }; };
		6C4A5DA31BC2300B002819DB /* NestedFramework.swift in Sources */ = {isa = PBXBuildFile; fileRef = 6CEFC7641BC1F5AC0097A274 /* NestedFramework.swift */; };
		6CEFC7401BC1F3FF0097A274 /* NestedFramework.h in Headers */ = {isa = PBXBuildFile; fileRef = 6CEFC73F1BC1F3FF0097A274 /* NestedFramework.h */; settings = {ATTRIBUTES = (Public, ); }; };
		6CEFC7611BC1F55F0097A274 /* Base32.framework in Frameworks */ = {isa = PBXBuildFile; fileRef = 6CEFC7601BC1F55F0097A274 /* Base32.framework */; };
		6CEFC7631BC1F5790097A274 /* Base32.framework in CopyFiles */ = {isa = PBXBuildFile; fileRef = 6CEFC7601BC1F55F0097A274 /* Base32.framework */; settings = {ATTRIBUTES = (CodeSignOnCopy, RemoveHeadersOnCopy, ); }; };
		6CEFC7651BC1F5AC0097A274 /* NestedFramework.swift in Sources */ = {isa = PBXBuildFile; fileRef = 6CEFC7641BC1F5AC0097A274 /* NestedFramework.swift */; };
/* End PBXBuildFile section */

/* Begin PBXCopyFilesBuildPhase section */
		6C4A5D601BC22687002819DB /* CopyFiles */ = {
			isa = PBXCopyFilesBuildPhase;
			buildActionMask = 2147483647;
			dstPath = "";
			dstSubfolderSpec = 10;
			files = (
				6C4A5D611BC22691002819DB /* Base32.framework in CopyFiles */,
			);
			runOnlyForDeploymentPostprocessing = 0;
		};
		6C4A5D711BC22781002819DB /* CopyFiles */ = {
			isa = PBXCopyFilesBuildPhase;
			buildActionMask = 2147483647;
			dstPath = "";
			dstSubfolderSpec = 10;
			files = (
				6C4A5D721BC22788002819DB /* Base32.framework in CopyFiles */,
			);
			runOnlyForDeploymentPostprocessing = 0;
		};
		6CEFC7621BC1F56D0097A274 /* CopyFiles */ = {
			isa = PBXCopyFilesBuildPhase;
			buildActionMask = 2147483647;
			dstPath = "";
			dstSubfolderSpec = 10;
			files = (
				6CEFC7631BC1F5790097A274 /* Base32.framework in CopyFiles */,
			);
			runOnlyForDeploymentPostprocessing = 0;
		};
/* End PBXCopyFilesBuildPhase section */

/* Begin PBXFileReference section */
		6C4A5D451BC22430002819DB /* NestedFramework.framework */ = {isa = PBXFileReference; explicitFileType = wrapper.framework; includeInIndex = 0; path = NestedFramework.framework; sourceTree = BUILT_PRODUCTS_DIR; };
		6C4A5D5C1BC225DD002819DB /* Base32.framework */ = {isa = PBXFileReference; lastKnownFileType = wrapper.framework; name = Base32.framework; path = Carthage/Build/tvOS/Base32.framework; sourceTree = "<group>"; };
		6C4A5D671BC22746002819DB /* NestedFramework.framework */ = {isa = PBXFileReference; explicitFileType = wrapper.framework; includeInIndex = 0; path = NestedFramework.framework; sourceTree = BUILT_PRODUCTS_DIR; };
		6C4A5D6F1BC22775002819DB /* Base32.framework */ = {isa = PBXFileReference; lastKnownFileType = wrapper.framework; name = Base32.framework; path = Carthage/Build/watchOS/Base32.framework; sourceTree = "<group>"; };
		6CEFC73C1BC1F3FF0097A274 /* NestedFramework.framework */ = {isa = PBXFileReference; explicitFileType = wrapper.framework; includeInIndex = 0; path = NestedFramework.framework; sourceTree = BUILT_PRODUCTS_DIR; };
		6CEFC73F1BC1F3FF0097A274 /* NestedFramework.h */ = {isa = PBXFileReference; lastKnownFileType = sourcecode.c.h; path = NestedFramework.h; sourceTree = "<group>"; };
		6CEFC7411BC1F3FF0097A274 /* Info.plist */ = {isa = PBXFileReference; lastKnownFileType = text.plist.xml; path = Info.plist; sourceTree = "<group>"; };
		6CEFC7471BC1F4100097A274 /* Cartfile */ = {isa = PBXFileReference; lastKnownFileType = text; path = Cartfile; sourceTree = "<group>"; };
		6CEFC7481BC1F4A20097A274 /* Cartfile.resolved */ = {isa = PBXFileReference; fileEncoding = 4; lastKnownFileType = text; path = Cartfile.resolved; sourceTree = "<group>"; };
		6CEFC7601BC1F55F0097A274 /* Base32.framework */ = {isa = PBXFileReference; lastKnownFileType = wrapper.framework; name = Base32.framework; path = Carthage/Build/iOS/Base32.framework; sourceTree = "<group>"; };
		6CEFC7641BC1F5AC0097A274 /* NestedFramework.swift */ = {isa = PBXFileReference; fileEncoding = 4; lastKnownFileType = sourcecode.swift; path = NestedFramework.swift; sourceTree = "<group>"; };
		6CF675A41BC20E370054DB24 /* Cartfile.private */ = {isa = PBXFileReference; lastKnownFileType = text; path = Cartfile.private; sourceTree = "<group>"; };
		6CF675A81BC20E750054DB24 /* Common.xcconfig */ = {isa = PBXFileReference; fileEncoding = 4; lastKnownFileType = text.xcconfig; path = Common.xcconfig; sourceTree = "<group>"; };
		6CF675AA1BC20E750054DB24 /* Debug.xcconfig */ = {isa = PBXFileReference; fileEncoding = 4; lastKnownFileType = text.xcconfig; path = Debug.xcconfig; sourceTree = "<group>"; };
		6CF675AB1BC20E750054DB24 /* Profile.xcconfig */ = {isa = PBXFileReference; fileEncoding = 4; lastKnownFileType = text.xcconfig; path = Profile.xcconfig; sourceTree = "<group>"; };
		6CF675AC1BC20E750054DB24 /* Release.xcconfig */ = {isa = PBXFileReference; fileEncoding = 4; lastKnownFileType = text.xcconfig; path = Release.xcconfig; sourceTree = "<group>"; };
		6CF675AD1BC20E750054DB24 /* Test.xcconfig */ = {isa = PBXFileReference; fileEncoding = 4; lastKnownFileType = text.xcconfig; path = Test.xcconfig; sourceTree = "<group>"; };
		6CF675AF1BC20E750054DB24 /* Application.xcconfig */ = {isa = PBXFileReference; fileEncoding = 4; lastKnownFileType = text.xcconfig; path = Application.xcconfig; sourceTree = "<group>"; };
		6CF675B01BC20E750054DB24 /* Framework.xcconfig */ = {isa = PBXFileReference; fileEncoding = 4; lastKnownFileType = text.xcconfig; path = Framework.xcconfig; sourceTree = "<group>"; };
		6CF675B11BC20E750054DB24 /* StaticLibrary.xcconfig */ = {isa = PBXFileReference; fileEncoding = 4; lastKnownFileType = text.xcconfig; path = StaticLibrary.xcconfig; sourceTree = "<group>"; };
		6CF675BB1BC20E750054DB24 /* iOS-Application.xcconfig */ = {isa = PBXFileReference; fileEncoding = 4; lastKnownFileType = text.xcconfig; path = "iOS-Application.xcconfig"; sourceTree = "<group>"; };
		6CF675BC1BC20E750054DB24 /* iOS-Base.xcconfig */ = {isa = PBXFileReference; fileEncoding = 4; lastKnownFileType = text.xcconfig; path = "iOS-Base.xcconfig"; sourceTree = "<group>"; };
		6CF675BD1BC20E750054DB24 /* iOS-Framework.xcconfig */ = {isa = PBXFileReference; fileEncoding = 4; lastKnownFileType = text.xcconfig; path = "iOS-Framework.xcconfig"; sourceTree = "<group>"; };
		6CF675BE1BC20E750054DB24 /* iOS-StaticLibrary.xcconfig */ = {isa = PBXFileReference; fileEncoding = 4; lastKnownFileType = text.xcconfig; path = "iOS-StaticLibrary.xcconfig"; sourceTree = "<group>"; };
		6CF675C01BC20E750054DB24 /* Mac-Application.xcconfig */ = {isa = PBXFileReference; fileEncoding = 4; lastKnownFileType = text.xcconfig; path = "Mac-Application.xcconfig"; sourceTree = "<group>"; };
		6CF675C11BC20E750054DB24 /* Mac-Base.xcconfig */ = {isa = PBXFileReference; fileEncoding = 4; lastKnownFileType = text.xcconfig; path = "Mac-Base.xcconfig"; sourceTree = "<group>"; };
		6CF675C21BC20E750054DB24 /* Mac-DynamicLibrary.xcconfig */ = {isa = PBXFileReference; fileEncoding = 4; lastKnownFileType = text.xcconfig; path = "Mac-DynamicLibrary.xcconfig"; sourceTree = "<group>"; };
		6CF675C31BC20E750054DB24 /* Mac-Framework.xcconfig */ = {isa = PBXFileReference; fileEncoding = 4; lastKnownFileType = text.xcconfig; path = "Mac-Framework.xcconfig"; sourceTree = "<group>"; };
		6CF675C41BC20E750054DB24 /* Mac-StaticLibrary.xcconfig */ = {isa = PBXFileReference; fileEncoding = 4; lastKnownFileType = text.xcconfig; path = "Mac-StaticLibrary.xcconfig"; sourceTree = "<group>"; };
		6CF675C51BC20E750054DB24 /* README.md */ = {isa = PBXFileReference; fileEncoding = 4; lastKnownFileType = net.daringfireball.markdown; path = README.md; sourceTree = "<group>"; };
		6CF675C71BC20E750054DB24 /* tvOS-Application.xcconfig */ = {isa = PBXFileReference; fileEncoding = 4; lastKnownFileType = text.xcconfig; path = "tvOS-Application.xcconfig"; sourceTree = "<group>"; };
		6CF675C81BC20E750054DB24 /* tvOS-Base.xcconfig */ = {isa = PBXFileReference; fileEncoding = 4; lastKnownFileType = text.xcconfig; path = "tvOS-Base.xcconfig"; sourceTree = "<group>"; };
		6CF675C91BC20E750054DB24 /* tvOS-Framework.xcconfig */ = {isa = PBXFileReference; fileEncoding = 4; lastKnownFileType = text.xcconfig; path = "tvOS-Framework.xcconfig"; sourceTree = "<group>"; };
		6CF675CA1BC20E750054DB24 /* tvOS-StaticLibrary.xcconfig */ = {isa = PBXFileReference; fileEncoding = 4; lastKnownFileType = text.xcconfig; path = "tvOS-StaticLibrary.xcconfig"; sourceTree = "<group>"; };
		6CF675CC1BC20E750054DB24 /* watchOS-Application.xcconfig */ = {isa = PBXFileReference; fileEncoding = 4; lastKnownFileType = text.xcconfig; path = "watchOS-Application.xcconfig"; sourceTree = "<group>"; };
		6CF675CD1BC20E750054DB24 /* watchOS-Base.xcconfig */ = {isa = PBXFileReference; fileEncoding = 4; lastKnownFileType = text.xcconfig; path = "watchOS-Base.xcconfig"; sourceTree = "<group>"; };
		6CF675CE1BC20E750054DB24 /* watchOS-Framework.xcconfig */ = {isa = PBXFileReference; fileEncoding = 4; lastKnownFileType = text.xcconfig; path = "watchOS-Framework.xcconfig"; sourceTree = "<group>"; };
		6CF675CF1BC20E750054DB24 /* watchOS-StaticLibrary.xcconfig */ = {isa = PBXFileReference; fileEncoding = 4; lastKnownFileType = text.xcconfig; path = "watchOS-StaticLibrary.xcconfig"; sourceTree = "<group>"; };
/* End PBXFileReference section */

/* Begin PBXFrameworksBuildPhase section */
		6C4A5D411BC22430002819DB /* Frameworks */ = {
			isa = PBXFrameworksBuildPhase;
			buildActionMask = 2147483647;
			files = (
				6C4A5D5D1BC225DD002819DB /* Base32.framework in Frameworks */,
			);
			runOnlyForDeploymentPostprocessing = 0;
		};
		6C4A5D631BC22746002819DB /* Frameworks */ = {
			isa = PBXFrameworksBuildPhase;
			buildActionMask = 2147483647;
			files = (
				6C4A5D701BC22775002819DB /* Base32.framework in Frameworks */,
			);
			runOnlyForDeploymentPostprocessing = 0;
		};
		6CEFC7381BC1F3FF0097A274 /* Frameworks */ = {
			isa = PBXFrameworksBuildPhase;
			buildActionMask = 2147483647;
			files = (
				6CEFC7611BC1F55F0097A274 /* Base32.framework in Frameworks */,
			);
			runOnlyForDeploymentPostprocessing = 0;
		};
/* End PBXFrameworksBuildPhase section */

/* Begin PBXGroup section */
		6CEFC7321BC1F3FF0097A274 = {
			isa = PBXGroup;
			children = (
				6CEFC7471BC1F4100097A274 /* Cartfile */,
				6CF675A41BC20E370054DB24 /* Cartfile.private */,
				6CEFC7481BC1F4A20097A274 /* Cartfile.resolved */,
				6CEFC73E1BC1F3FF0097A274 /* NestedFramework */,
				6CF675A51BC20E750054DB24 /* xcconfigs */,
				6CEFC73D1BC1F3FF0097A274 /* Products */,
				6CEFC7731BC1FD6B0097A274 /* EmbededFrameworks */,
			);
			sourceTree = "<group>";
		};
		6CEFC73D1BC1F3FF0097A274 /* Products */ = {
			isa = PBXGroup;
			children = (
				6CEFC73C1BC1F3FF0097A274 /* NestedFramework.framework */,
				6C4A5D451BC22430002819DB /* NestedFramework.framework */,
				6C4A5D671BC22746002819DB /* NestedFramework.framework */,
			);
			name = Products;
			sourceTree = "<group>";
		};
		6CEFC73E1BC1F3FF0097A274 /* NestedFramework */ = {
			isa = PBXGroup;
			children = (
				6CEFC73F1BC1F3FF0097A274 /* NestedFramework.h */,
				6CEFC7411BC1F3FF0097A274 /* Info.plist */,
				6CEFC7641BC1F5AC0097A274 /* NestedFramework.swift */,
			);
			path = NestedFramework;
			sourceTree = "<group>";
		};
		6CEFC7731BC1FD6B0097A274 /* EmbededFrameworks */ = {
			isa = PBXGroup;
			children = (
				6CEFC7601BC1F55F0097A274 /* Base32.framework */,
				6C4A5D5C1BC225DD002819DB /* Base32.framework */,
				6C4A5D6F1BC22775002819DB /* Base32.framework */,
			);
			name = EmbededFrameworks;
			sourceTree = "<group>";
		};
		6CF675A51BC20E750054DB24 /* xcconfigs */ = {
			isa = PBXGroup;
			children = (
				6CF675A71BC20E750054DB24 /* Base */,
				6CF675BA1BC20E750054DB24 /* iOS */,
				6CF675BF1BC20E750054DB24 /* Mac OS X */,
				6CF675C61BC20E750054DB24 /* tvOS */,
				6CF675CB1BC20E750054DB24 /* watchOS */,
				6CF675C51BC20E750054DB24 /* README.md */,
			);
			name = xcconfigs;
			path = Carthage/Checkouts/xcconfigs;
			sourceTree = SOURCE_ROOT;
		};
		6CF675A71BC20E750054DB24 /* Base */ = {
			isa = PBXGroup;
			children = (
				6CF675A81BC20E750054DB24 /* Common.xcconfig */,
				6CF675A91BC20E750054DB24 /* Configurations */,
				6CF675AE1BC20E750054DB24 /* Targets */,
			);
			path = Base;
			sourceTree = "<group>";
		};
		6CF675A91BC20E750054DB24 /* Configurations */ = {
			isa = PBXGroup;
			children = (
				6CF675AA1BC20E750054DB24 /* Debug.xcconfig */,
				6CF675AB1BC20E750054DB24 /* Profile.xcconfig */,
				6CF675AC1BC20E750054DB24 /* Release.xcconfig */,
				6CF675AD1BC20E750054DB24 /* Test.xcconfig */,
			);
			path = Configurations;
			sourceTree = "<group>";
		};
		6CF675AE1BC20E750054DB24 /* Targets */ = {
			isa = PBXGroup;
			children = (
				6CF675AF1BC20E750054DB24 /* Application.xcconfig */,
				6CF675B01BC20E750054DB24 /* Framework.xcconfig */,
				6CF675B11BC20E750054DB24 /* StaticLibrary.xcconfig */,
			);
			path = Targets;
			sourceTree = "<group>";
		};
		6CF675BA1BC20E750054DB24 /* iOS */ = {
			isa = PBXGroup;
			children = (
				6CF675BB1BC20E750054DB24 /* iOS-Application.xcconfig */,
				6CF675BC1BC20E750054DB24 /* iOS-Base.xcconfig */,
				6CF675BD1BC20E750054DB24 /* iOS-Framework.xcconfig */,
				6CF675BE1BC20E750054DB24 /* iOS-StaticLibrary.xcconfig */,
			);
			path = iOS;
			sourceTree = "<group>";
		};
		6CF675BF1BC20E750054DB24 /* Mac OS X */ = {
			isa = PBXGroup;
			children = (
				6CF675C01BC20E750054DB24 /* Mac-Application.xcconfig */,
				6CF675C11BC20E750054DB24 /* Mac-Base.xcconfig */,
				6CF675C21BC20E750054DB24 /* Mac-DynamicLibrary.xcconfig */,
				6CF675C31BC20E750054DB24 /* Mac-Framework.xcconfig */,
				6CF675C41BC20E750054DB24 /* Mac-StaticLibrary.xcconfig */,
			);
			path = "Mac OS X";
			sourceTree = "<group>";
		};
		6CF675C61BC20E750054DB24 /* tvOS */ = {
			isa = PBXGroup;
			children = (
				6CF675C71BC20E750054DB24 /* tvOS-Application.xcconfig */,
				6CF675C81BC20E750054DB24 /* tvOS-Base.xcconfig */,
				6CF675C91BC20E750054DB24 /* tvOS-Framework.xcconfig */,
				6CF675CA1BC20E750054DB24 /* tvOS-StaticLibrary.xcconfig */,
			);
			path = tvOS;
			sourceTree = "<group>";
		};
		6CF675CB1BC20E750054DB24 /* watchOS */ = {
			isa = PBXGroup;
			children = (
				6CF675CC1BC20E750054DB24 /* watchOS-Application.xcconfig */,
				6CF675CD1BC20E750054DB24 /* watchOS-Base.xcconfig */,
				6CF675CE1BC20E750054DB24 /* watchOS-Framework.xcconfig */,
				6CF675CF1BC20E750054DB24 /* watchOS-StaticLibrary.xcconfig */,
			);
			path = watchOS;
			sourceTree = "<group>";
		};
/* End PBXGroup section */

/* Begin PBXHeadersBuildPhase section */
		6C4A5D421BC22430002819DB /* Headers */ = {
			isa = PBXHeadersBuildPhase;
			buildActionMask = 2147483647;
			files = (
				6C4A5D5E1BC22657002819DB /* NestedFramework.h in Headers */,
			);
			runOnlyForDeploymentPostprocessing = 0;
		};
		6C4A5D641BC22746002819DB /* Headers */ = {
			isa = PBXHeadersBuildPhase;
			buildActionMask = 2147483647;
			files = (
				6C4A5D731BC22796002819DB /* NestedFramework.h in Headers */,
			);
			runOnlyForDeploymentPostprocessing = 0;
		};
		6CEFC7391BC1F3FF0097A274 /* Headers */ = {
			isa = PBXHeadersBuildPhase;
			buildActionMask = 2147483647;
			files = (
				6CEFC7401BC1F3FF0097A274 /* NestedFramework.h in Headers */,
			);
			runOnlyForDeploymentPostprocessing = 0;
		};
/* End PBXHeadersBuildPhase section */

/* Begin PBXNativeTarget section */
		6C4A5D441BC22430002819DB /* NestedFramework-tvOS */ = {
			isa = PBXNativeTarget;
			buildConfigurationList = 6C4A5D561BC22430002819DB /* Build configuration list for PBXNativeTarget "NestedFramework-tvOS" */;
			buildPhases = (
				6C4A5D401BC22430002819DB /* Sources */,
				6C4A5D411BC22430002819DB /* Frameworks */,
				6C4A5D421BC22430002819DB /* Headers */,
				6C4A5D431BC22430002819DB /* Resources */,
				6C4A5D601BC22687002819DB /* CopyFiles */,
			);
			buildRules = (
			);
			dependencies = (
			);
			name = "NestedFramework-tvOS";
			productName = NestedFramework;
			productReference = 6C4A5D451BC22430002819DB /* NestedFramework.framework */;
			productType = "com.apple.product-type.framework";
		};
		6C4A5D661BC22746002819DB /* NestedFramework-watchOS */ = {
			isa = PBXNativeTarget;
			buildConfigurationList = 6C4A5D6C1BC22746002819DB /* Build configuration list for PBXNativeTarget "NestedFramework-watchOS" */;
			buildPhases = (
				6C4A5D621BC22746002819DB /* Sources */,
				6C4A5D631BC22746002819DB /* Frameworks */,
				6C4A5D641BC22746002819DB /* Headers */,
				6C4A5D651BC22746002819DB /* Resources */,
				6C4A5D711BC22781002819DB /* CopyFiles */,
			);
			buildRules = (
			);
			dependencies = (
			);
			name = "NestedFramework-watchOS";
			productName = NestedFramework;
			productReference = 6C4A5D671BC22746002819DB /* NestedFramework.framework */;
			productType = "com.apple.product-type.framework";
		};
		6CEFC73B1BC1F3FF0097A274 /* NestedFramework-iOS */ = {
			isa = PBXNativeTarget;
			buildConfigurationList = 6CEFC7441BC1F3FF0097A274 /* Build configuration list for PBXNativeTarget "NestedFramework-iOS" */;
			buildPhases = (
				6CEFC7371BC1F3FF0097A274 /* Sources */,
				6CEFC7381BC1F3FF0097A274 /* Frameworks */,
				6CEFC7391BC1F3FF0097A274 /* Headers */,
				6CEFC73A1BC1F3FF0097A274 /* Resources */,
				6CEFC7621BC1F56D0097A274 /* CopyFiles */,
			);
			buildRules = (
			);
			dependencies = (
			);
			name = "NestedFramework-iOS";
			productName = NestedFramework;
			productReference = 6CEFC73C1BC1F3FF0097A274 /* NestedFramework.framework */;
			productType = "com.apple.product-type.framework";
		};
/* End PBXNativeTarget section */

/* Begin PBXProject section */
		6CEFC7331BC1F3FF0097A274 /* Project object */ = {
			isa = PBXProject;
			attributes = {
				LastSwiftUpdateCheck = 0700;
				LastUpgradeCheck = 0700;
				ORGANIZATIONNAME = "Norio Nomura";
				TargetAttributes = {
					6C4A5D441BC22430002819DB = {
						CreatedOnToolsVersion = 7.1;
					};
					6C4A5D661BC22746002819DB = {
						CreatedOnToolsVersion = 7.1;
					};
					6CEFC73B1BC1F3FF0097A274 = {
						CreatedOnToolsVersion = 7.0.1;
					};
				};
			};
			buildConfigurationList = 6CEFC7361BC1F3FF0097A274 /* Build configuration list for PBXProject "NestedFramework" */;
			compatibilityVersion = "Xcode 3.2";
			developmentRegion = English;
			hasScannedForEncodings = 0;
			knownRegions = (
				en,
			);
			mainGroup = 6CEFC7321BC1F3FF0097A274;
			productRefGroup = 6CEFC73D1BC1F3FF0097A274 /* Products */;
			projectDirPath = "";
			projectRoot = "";
			targets = (
				6CEFC73B1BC1F3FF0097A274 /* NestedFramework-iOS */,
				6C4A5D441BC22430002819DB /* NestedFramework-tvOS */,
				6C4A5D661BC22746002819DB /* NestedFramework-watchOS */,
			);
		};
/* End PBXProject section */

/* Begin PBXResourcesBuildPhase section */
		6C4A5D431BC22430002819DB /* Resources */ = {
			isa = PBXResourcesBuildPhase;
			buildActionMask = 2147483647;
			files = (
			);
			runOnlyForDeploymentPostprocessing = 0;
		};
		6C4A5D651BC22746002819DB /* Resources */ = {
			isa = PBXResourcesBuildPhase;
			buildActionMask = 2147483647;
			files = (
			);
			runOnlyForDeploymentPostprocessing = 0;
		};
		6CEFC73A1BC1F3FF0097A274 /* Resources */ = {
			isa = PBXResourcesBuildPhase;
			buildActionMask = 2147483647;
			files = (
			);
			runOnlyForDeploymentPostprocessing = 0;
		};
/* End PBXResourcesBuildPhase section */

/* Begin PBXSourcesBuildPhase section */
		6C4A5D401BC22430002819DB /* Sources */ = {
			isa = PBXSourcesBuildPhase;
			buildActionMask = 2147483647;
			files = (
				6C4A5D5F1BC2265D002819DB /* NestedFramework.swift in Sources */,
			);
			runOnlyForDeploymentPostprocessing = 0;
		};
		6C4A5D621BC22746002819DB /* Sources */ = {
			isa = PBXSourcesBuildPhase;
			buildActionMask = 2147483647;
			files = (
				6C4A5DA31BC2300B002819DB /* NestedFramework.swift in Sources */,
			);
			runOnlyForDeploymentPostprocessing = 0;
		};
		6CEFC7371BC1F3FF0097A274 /* Sources */ = {
			isa = PBXSourcesBuildPhase;
			buildActionMask = 2147483647;
			files = (
				6CEFC7651BC1F5AC0097A274 /* NestedFramework.swift in Sources */,
			);
			runOnlyForDeploymentPostprocessing = 0;
		};
/* End PBXSourcesBuildPhase section */

/* Begin XCBuildConfiguration section */
		6C4A5D571BC22430002819DB /* Debug */ = {
			isa = XCBuildConfiguration;
			baseConfigurationReference = 6CF675C91BC20E750054DB24 /* tvOS-Framework.xcconfig */;
			buildSettings = {
				DYLIB_COMPATIBILITY_VERSION = 1;
				DYLIB_CURRENT_VERSION = 1;
				FRAMEWORK_SEARCH_PATHS = (
					"$(inherited)",
					"$(PROJECT_DIR)/Carthage/Build/tvOS",
				);
				INFOPLIST_FILE = NestedFramework/Info.plist;
				PRODUCT_BUNDLE_IDENTIFIER = "io.github.norio-nomura.$(PRODUCT_NAME:rfc1034identifier)";
				TARGETED_DEVICE_FAMILY = 3;
				TVOS_DEPLOYMENT_TARGET = 9.0;
			};
			name = Debug;
		};
		6C4A5D581BC22430002819DB /* Release */ = {
			isa = XCBuildConfiguration;
			baseConfigurationReference = 6CF675C91BC20E750054DB24 /* tvOS-Framework.xcconfig */;
			buildSettings = {
				DYLIB_COMPATIBILITY_VERSION = 1;
				DYLIB_CURRENT_VERSION = 1;
				FRAMEWORK_SEARCH_PATHS = (
					"$(inherited)",
					"$(PROJECT_DIR)/Carthage/Build/tvOS",
				);
				INFOPLIST_FILE = NestedFramework/Info.plist;
				PRODUCT_BUNDLE_IDENTIFIER = "io.github.norio-nomura.$(PRODUCT_NAME:rfc1034identifier)";
				TARGETED_DEVICE_FAMILY = 3;
				TVOS_DEPLOYMENT_TARGET = 9.0;
			};
			name = Release;
		};
		6C4A5D6D1BC22746002819DB /* Debug */ = {
			isa = XCBuildConfiguration;
			baseConfigurationReference = 6CF675CE1BC20E750054DB24 /* watchOS-Framework.xcconfig */;
			buildSettings = {
				DYLIB_COMPATIBILITY_VERSION = 1;
				DYLIB_CURRENT_VERSION = 1;
				FRAMEWORK_SEARCH_PATHS = (
					"$(inherited)",
					"$(PROJECT_DIR)/Carthage/Build/watchOS",
				);
				INFOPLIST_FILE = NestedFramework/Info.plist;
				PRODUCT_BUNDLE_IDENTIFIER = "io.github.norio-nomura.$(PRODUCT_NAME:rfc1034identifier)";
				TARGETED_DEVICE_FAMILY = 4;
				WATCHOS_DEPLOYMENT_TARGET = 2.0;
			};
			name = Debug;
		};
		6C4A5D6E1BC22746002819DB /* Release */ = {
			isa = XCBuildConfiguration;
			baseConfigurationReference = 6CF675CE1BC20E750054DB24 /* watchOS-Framework.xcconfig */;
			buildSettings = {
				DYLIB_COMPATIBILITY_VERSION = 1;
				DYLIB_CURRENT_VERSION = 1;
				FRAMEWORK_SEARCH_PATHS = (
					"$(inherited)",
					"$(PROJECT_DIR)/Carthage/Build/watchOS",
				);
				INFOPLIST_FILE = NestedFramework/Info.plist;
				PRODUCT_BUNDLE_IDENTIFIER = "io.github.norio-nomura.$(PRODUCT_NAME:rfc1034identifier)";
				TARGETED_DEVICE_FAMILY = 4;
				WATCHOS_DEPLOYMENT_TARGET = 2.0;
			};
			name = Release;
		};
		6CEFC7421BC1F3FF0097A274 /* Debug */ = {
			isa = XCBuildConfiguration;
			baseConfigurationReference = 6CF675AA1BC20E750054DB24 /* Debug.xcconfig */;
			buildSettings = {
				ALWAYS_SEARCH_USER_PATHS = NO;
				CLANG_CXX_LANGUAGE_STANDARD = "gnu++0x";
				CLANG_CXX_LIBRARY = "libc++";
				CLANG_ENABLE_MODULES = YES;
				CLANG_ENABLE_OBJC_ARC = YES;
				CLANG_WARN_BOOL_CONVERSION = YES;
				CLANG_WARN_CONSTANT_CONVERSION = YES;
				CLANG_WARN_DIRECT_OBJC_ISA_USAGE = YES_ERROR;
				CLANG_WARN_EMPTY_BODY = YES;
				CLANG_WARN_ENUM_CONVERSION = YES;
				CLANG_WARN_INT_CONVERSION = YES;
				CLANG_WARN_OBJC_ROOT_CLASS = YES_ERROR;
				CLANG_WARN_UNREACHABLE_CODE = YES;
				CLANG_WARN__DUPLICATE_METHOD_MATCH = YES;
				"CODE_SIGN_IDENTITY[sdk=iphoneos*]" = "iPhone Developer";
				COPY_PHASE_STRIP = NO;
				CURRENT_PROJECT_VERSION = 1;
				DEBUG_INFORMATION_FORMAT = dwarf;
				ENABLE_STRICT_OBJC_MSGSEND = YES;
				ENABLE_TESTABILITY = YES;
				GCC_C_LANGUAGE_STANDARD = gnu99;
				GCC_DYNAMIC_NO_PIC = NO;
				GCC_NO_COMMON_BLOCKS = YES;
				GCC_OPTIMIZATION_LEVEL = 0;
				GCC_PREPROCESSOR_DEFINITIONS = (
					"DEBUG=1",
					"$(inherited)",
				);
				GCC_WARN_64_TO_32_BIT_CONVERSION = YES;
				GCC_WARN_ABOUT_RETURN_TYPE = YES_ERROR;
				GCC_WARN_UNDECLARED_SELECTOR = YES;
				GCC_WARN_UNINITIALIZED_AUTOS = YES_AGGRESSIVE;
				GCC_WARN_UNUSED_FUNCTION = YES;
				GCC_WARN_UNUSED_VARIABLE = YES;
				IPHONEOS_DEPLOYMENT_TARGET = 9.0;
				MTL_ENABLE_DEBUG_INFO = YES;
				ONLY_ACTIVE_ARCH = YES;
				SDKROOT = iphoneos;
				SWIFT_OPTIMIZATION_LEVEL = "-Onone";
				TARGETED_DEVICE_FAMILY = "1,2";
				VERSIONING_SYSTEM = "apple-generic";
				VERSION_INFO_PREFIX = "";
			};
			name = Debug;
		};
		6CEFC7431BC1F3FF0097A274 /* Release */ = {
			isa = XCBuildConfiguration;
			baseConfigurationReference = 6CF675AC1BC20E750054DB24 /* Release.xcconfig */;
			buildSettings = {
				ALWAYS_SEARCH_USER_PATHS = NO;
				CLANG_CXX_LANGUAGE_STANDARD = "gnu++0x";
				CLANG_CXX_LIBRARY = "libc++";
				CLANG_ENABLE_MODULES = YES;
				CLANG_ENABLE_OBJC_ARC = YES;
				CLANG_WARN_BOOL_CONVERSION = YES;
				CLANG_WARN_CONSTANT_CONVERSION = YES;
				CLANG_WARN_DIRECT_OBJC_ISA_USAGE = YES_ERROR;
				CLANG_WARN_EMPTY_BODY = YES;
				CLANG_WARN_ENUM_CONVERSION = YES;
				CLANG_WARN_INT_CONVERSION = YES;
				CLANG_WARN_OBJC_ROOT_CLASS = YES_ERROR;
				CLANG_WARN_UNREACHABLE_CODE = YES;
				CLANG_WARN__DUPLICATE_METHOD_MATCH = YES;
				"CODE_SIGN_IDENTITY[sdk=iphoneos*]" = "iPhone Developer";
				COPY_PHASE_STRIP = NO;
				CURRENT_PROJECT_VERSION = 1;
				DEBUG_INFORMATION_FORMAT = "dwarf-with-dsym";
				ENABLE_NS_ASSERTIONS = NO;
				ENABLE_STRICT_OBJC_MSGSEND = YES;
				GCC_C_LANGUAGE_STANDARD = gnu99;
				GCC_NO_COMMON_BLOCKS = YES;
				GCC_WARN_64_TO_32_BIT_CONVERSION = YES;
				GCC_WARN_ABOUT_RETURN_TYPE = YES_ERROR;
				GCC_WARN_UNDECLARED_SELECTOR = YES;
				GCC_WARN_UNINITIALIZED_AUTOS = YES_AGGRESSIVE;
				GCC_WARN_UNUSED_FUNCTION = YES;
				GCC_WARN_UNUSED_VARIABLE = YES;
				IPHONEOS_DEPLOYMENT_TARGET = 9.0;
				MTL_ENABLE_DEBUG_INFO = NO;
				SDKROOT = iphoneos;
				TARGETED_DEVICE_FAMILY = "1,2";
				VALIDATE_PRODUCT = YES;
				VERSIONING_SYSTEM = "apple-generic";
				VERSION_INFO_PREFIX = "";
			};
			name = Release;
		};
		6CEFC7451BC1F3FF0097A274 /* Debug */ = {
			isa = XCBuildConfiguration;
			baseConfigurationReference = 6CF675BD1BC20E750054DB24 /* iOS-Framework.xcconfig */;
			buildSettings = {
				DYLIB_COMPATIBILITY_VERSION = 1;
				DYLIB_CURRENT_VERSION = 1;
				DYLIB_INSTALL_NAME_BASE = "@rpath";
				FRAMEWORK_SEARCH_PATHS = (
					"$(inherited)",
					"$(PROJECT_DIR)/Carthage/Build/iOS",
				);
				INFOPLIST_FILE = NestedFramework/Info.plist;
				PRODUCT_BUNDLE_IDENTIFIER = "io.github.norio-nomura.$(PRODUCT_NAME:rfc1034identifier)";
			};
			name = Debug;
		};
		6CEFC7461BC1F3FF0097A274 /* Release */ = {
			isa = XCBuildConfiguration;
			baseConfigurationReference = 6CF675BD1BC20E750054DB24 /* iOS-Framework.xcconfig */;
			buildSettings = {
				DYLIB_COMPATIBILITY_VERSION = 1;
				DYLIB_CURRENT_VERSION = 1;
				DYLIB_INSTALL_NAME_BASE = "@rpath";
				FRAMEWORK_SEARCH_PATHS = (
					"$(inherited)",
					"$(PROJECT_DIR)/Carthage/Build/iOS",
				);
				INFOPLIST_FILE = NestedFramework/Info.plist;
				PRODUCT_BUNDLE_IDENTIFIER = "io.github.norio-nomura.$(PRODUCT_NAME:rfc1034identifier)";
			};
			name = Release;
		};
/* End XCBuildConfiguration section */

/* Begin XCConfigurationList section */
		6C4A5D561BC22430002819DB /* Build configuration list for PBXNativeTarget "NestedFramework-tvOS" */ = {
			isa = XCConfigurationList;
			buildConfigurations = (
				6C4A5D571BC22430002819DB /* Debug */,
				6C4A5D581BC22430002819DB /* Release */,
			);
			defaultConfigurationIsVisible = 0;
			defaultConfigurationName = Release;
		};
		6C4A5D6C1BC22746002819DB /* Build configuration list for PBXNativeTarget "NestedFramework-watchOS" */ = {
			isa = XCConfigurationList;
			buildConfigurations = (
				6C4A5D6D1BC22746002819DB /* Debug */,
				6C4A5D6E1BC22746002819DB /* Release */,
			);
			defaultConfigurationIsVisible = 0;
			defaultConfigurationName = Release;
		};
		6CEFC7361BC1F3FF0097A274 /* Build configuration list for PBXProject "NestedFramework" */ = {
			isa = XCConfigurationList;
			buildConfigurations = (
				6CEFC7421BC1F3FF0097A274 /* Debug */,
				6CEFC7431BC1F3FF0097A274 /* Release */,
			);
			defaultConfigurationIsVisible = 0;
			defaultConfigurationName = Release;
		};
		6CEFC7441BC1F3FF0097A274 /* Build configuration list for PBXNativeTarget "NestedFramework-iOS" */ = {
			isa = XCConfigurationList;
			buildConfigurations = (
				6CEFC7451BC1F3FF0097A274 /* Debug */,
				6CEFC7461BC1F3FF0097A274 /* Release */,
			);
			defaultConfigurationIsVisible = 0;
			defaultConfigurationName = Release;
		};
/* End XCConfigurationList section */
	};
	rootObject = 6CEFC7331BC1F3FF0097A274 /* Project object */;
}
